// !$*UTF8*$!
{
	archiveVersion = 1;
	classes = {
	};
	objectVersion = 46;
	objects = {

/* Begin PBXBuildFile section */
		9B1646CD1E8D6A430026B0B9 /* EditVC.swift in Sources */ = {isa = PBXBuildFile; fileRef = 9B1646CC1E8D6A430026B0B9 /* EditVC.swift */; };
		9B1646CF1E8D723F0026B0B9 /* CustomTextField.swift in Sources */ = {isa = PBXBuildFile; fileRef = 9B1646CE1E8D723E0026B0B9 /* CustomTextField.swift */; };
		9B1646D11E8D78C30026B0B9 /* CustomTextView.swift in Sources */ = {isa = PBXBuildFile; fileRef = 9B1646D01E8D78C30026B0B9 /* CustomTextView.swift */; };
		9B1646D41E8D7F0E0026B0B9 /* MapKit.framework in Frameworks */ = {isa = PBXBuildFile; fileRef = 9B1646D31E8D7F0E0026B0B9 /* MapKit.framework */; };
		9B1646D61E8D81A10026B0B9 /* MapVC.swift in Sources */ = {isa = PBXBuildFile; fileRef = 9B1646D51E8D81A10026B0B9 /* MapVC.swift */; };
		9B1646D81E8DA6FE0026B0B9 /* RecordExtension.swift in Sources */ = {isa = PBXBuildFile; fileRef = 9B1646D71E8DA6FE0026B0B9 /* RecordExtension.swift */; };
		9BFB1D4E1E8B38090081900C /* AppDelegate.swift in Sources */ = {isa = PBXBuildFile; fileRef = 9BFB1D4D1E8B38090081900C /* AppDelegate.swift */; };
		9BFB1D531E8B38090081900C /* Main.storyboard in Resources */ = {isa = PBXBuildFile; fileRef = 9BFB1D511E8B38090081900C /* Main.storyboard */; };
		9BFB1D561E8B38090081900C /* Location_Tracker.xcdatamodeld in Sources */ = {isa = PBXBuildFile; fileRef = 9BFB1D541E8B38090081900C /* Location_Tracker.xcdatamodeld */; };
		9BFB1D5B1E8B38090081900C /* LaunchScreen.storyboard in Resources */ = {isa = PBXBuildFile; fileRef = 9BFB1D591E8B38090081900C /* LaunchScreen.storyboard */; };
		9BFB1D631E8B3C1D0081900C /* MainVC.swift in Sources */ = {isa = PBXBuildFile; fileRef = 9BFB1D621E8B3C1D0081900C /* MainVC.swift */; };
		9BFB1D651E8C0FE40081900C /* Assets.xcassets in Resources */ = {isa = PBXBuildFile; fileRef = 9BFB1D641E8C0FE40081900C /* Assets.xcassets */; };
		9BFB1D671E8C13140081900C /* CustomButton.swift in Sources */ = {isa = PBXBuildFile; fileRef = 9BFB1D661E8C13140081900C /* CustomButton.swift */; };
		9BFB1D6B1E8C9A370081900C /* RecordCell.swift in Sources */ = {isa = PBXBuildFile; fileRef = 9BFB1D6A1E8C9A370081900C /* RecordCell.swift */; };
/* End PBXBuildFile section */

/* Begin PBXFileReference section */
		9B1646CC1E8D6A430026B0B9 /* EditVC.swift */ = {isa = PBXFileReference; fileEncoding = 4; lastKnownFileType = sourcecode.swift; path = EditVC.swift; sourceTree = "<group>"; };
		9B1646CE1E8D723E0026B0B9 /* CustomTextField.swift */ = {isa = PBXFileReference; fileEncoding = 4; lastKnownFileType = sourcecode.swift; path = CustomTextField.swift; sourceTree = "<group>"; };
		9B1646D01E8D78C30026B0B9 /* CustomTextView.swift */ = {isa = PBXFileReference; fileEncoding = 4; lastKnownFileType = sourcecode.swift; path = CustomTextView.swift; sourceTree = "<group>"; };
		9B1646D31E8D7F0E0026B0B9 /* MapKit.framework */ = {isa = PBXFileReference; lastKnownFileType = wrapper.framework; name = MapKit.framework; path = System/Library/Frameworks/MapKit.framework; sourceTree = SDKROOT; };
		9B1646D51E8D81A10026B0B9 /* MapVC.swift */ = {isa = PBXFileReference; fileEncoding = 4; lastKnownFileType = sourcecode.swift; path = MapVC.swift; sourceTree = "<group>"; };
		9B1646D71E8DA6FE0026B0B9 /* RecordExtension.swift */ = {isa = PBXFileReference; fileEncoding = 4; lastKnownFileType = sourcecode.swift; path = RecordExtension.swift; sourceTree = "<group>"; };
		9B2452FB1E93E5480009303C /* Location_Tracker v2.xcdatamodel */ = {isa = PBXFileReference; lastKnownFileType = wrapper.xcdatamodel; path = "Location_Tracker v2.xcdatamodel"; sourceTree = "<group>"; };
		9BFB1D4A1E8B38090081900C /* Location Tracker.app */ = {isa = PBXFileReference; explicitFileType = wrapper.application; includeInIndex = 0; path = "Location Tracker.app"; sourceTree = BUILT_PRODUCTS_DIR; };
		9BFB1D4D1E8B38090081900C /* AppDelegate.swift */ = {isa = PBXFileReference; lastKnownFileType = sourcecode.swift; path = AppDelegate.swift; sourceTree = "<group>"; };
		9BFB1D521E8B38090081900C /* Base */ = {isa = PBXFileReference; lastKnownFileType = file.storyboard; name = Base; path = Base.lproj/Main.storyboard; sourceTree = "<group>"; };
		9BFB1D551E8B38090081900C /* Location_Tracker.xcdatamodel */ = {isa = PBXFileReference; lastKnownFileType = wrapper.xcdatamodel; path = Location_Tracker.xcdatamodel; sourceTree = "<group>"; };
		9BFB1D5A1E8B38090081900C /* Base */ = {isa = PBXFileReference; lastKnownFileType = file.storyboard; name = Base; path = Base.lproj/LaunchScreen.storyboard; sourceTree = "<group>"; };
		9BFB1D5C1E8B38090081900C /* Info.plist */ = {isa = PBXFileReference; lastKnownFileType = text.plist.xml; path = Info.plist; sourceTree = "<group>"; };
		9BFB1D621E8B3C1D0081900C /* MainVC.swift */ = {isa = PBXFileReference; fileEncoding = 4; lastKnownFileType = sourcecode.swift; path = MainVC.swift; sourceTree = "<group>"; };
		9BFB1D641E8C0FE40081900C /* Assets.xcassets */ = {isa = PBXFileReference; lastKnownFileType = folder.assetcatalog; path = Assets.xcassets; sourceTree = "<group>"; };
		9BFB1D661E8C13140081900C /* CustomButton.swift */ = {isa = PBXFileReference; fileEncoding = 4; lastKnownFileType = sourcecode.swift; path = CustomButton.swift; sourceTree = "<group>"; };
		9BFB1D6A1E8C9A370081900C /* RecordCell.swift */ = {isa = PBXFileReference; fileEncoding = 4; lastKnownFileType = sourcecode.swift; path = RecordCell.swift; sourceTree = "<group>"; };
/* End PBXFileReference section */

/* Begin PBXFrameworksBuildPhase section */
		9BFB1D471E8B38090081900C /* Frameworks */ = {
			isa = PBXFrameworksBuildPhase;
			buildActionMask = 2147483647;
			files = (
				9B1646D41E8D7F0E0026B0B9 /* MapKit.framework in Frameworks */,
			);
			runOnlyForDeploymentPostprocessing = 0;
		};
/* End PBXFrameworksBuildPhase section */

/* Begin PBXGroup section */
		9B1646D21E8D7F0D0026B0B9 /* Frameworks */ = {
			isa = PBXGroup;
			children = (
				9B1646D31E8D7F0E0026B0B9 /* MapKit.framework */,
			);
			name = Frameworks;
			sourceTree = "<group>";
		};
		9B1646D91E8DA9AF0026B0B9 /* Controller */ = {
			isa = PBXGroup;
			children = (
				9BFB1D621E8B3C1D0081900C /* MainVC.swift */,
				9B1646CC1E8D6A430026B0B9 /* EditVC.swift */,
				9B1646D51E8D81A10026B0B9 /* MapVC.swift */,
			);
			name = Controller;
			sourceTree = "<group>";
		};
		9B1646DA1E8DA9B60026B0B9 /* View */ = {
			isa = PBXGroup;
			children = (
				9B1646CE1E8D723E0026B0B9 /* CustomTextField.swift */,
				9B1646D01E8D78C30026B0B9 /* CustomTextView.swift */,
				9BFB1D6A1E8C9A370081900C /* RecordCell.swift */,
				9BFB1D661E8C13140081900C /* CustomButton.swift */,
			);
			name = View;
			sourceTree = "<group>";
		};
		9B1646DB1E8DA9BB0026B0B9 /* Model */ = {
			isa = PBXGroup;
			children = (
				9B1646D71E8DA6FE0026B0B9 /* RecordExtension.swift */,
			);
			name = Model;
			sourceTree = "<group>";
		};
		9BFB1D411E8B38090081900C = {
			isa = PBXGroup;
			children = (
				9BFB1D4C1E8B38090081900C /* Location Tracker */,
				9BFB1D4B1E8B38090081900C /* Products */,
				9B1646D21E8D7F0D0026B0B9 /* Frameworks */,
			);
			sourceTree = "<group>";
		};
		9BFB1D4B1E8B38090081900C /* Products */ = {
			isa = PBXGroup;
			children = (
				9BFB1D4A1E8B38090081900C /* Location Tracker.app */,
			);
			name = Products;
			sourceTree = "<group>";
		};
		9BFB1D4C1E8B38090081900C /* Location Tracker */ = {
			isa = PBXGroup;
			children = (
				9BFB1D4D1E8B38090081900C /* AppDelegate.swift */,
				9B1646DB1E8DA9BB0026B0B9 /* Model */,
				9B1646DA1E8DA9B60026B0B9 /* View */,
				9B1646D91E8DA9AF0026B0B9 /* Controller */,
				9BFB1D511E8B38090081900C /* Main.storyboard */,
				9BFB1D591E8B38090081900C /* LaunchScreen.storyboard */,
				9BFB1D5C1E8B38090081900C /* Info.plist */,
				9BFB1D541E8B38090081900C /* Location_Tracker.xcdatamodeld */,
				9BFB1D641E8C0FE40081900C /* Assets.xcassets */,
			);
			path = "Location Tracker";
			sourceTree = "<group>";
		};
/* End PBXGroup section */

/* Begin PBXNativeTarget section */
		9BFB1D491E8B38090081900C /* Location Tracker */ = {
			isa = PBXNativeTarget;
			buildConfigurationList = 9BFB1D5F1E8B38090081900C /* Build configuration list for PBXNativeTarget "Location Tracker" */;
			buildPhases = (
				9BFB1D461E8B38090081900C /* Sources */,
				9BFB1D471E8B38090081900C /* Frameworks */,
				9BFB1D481E8B38090081900C /* Resources */,
			);
			buildRules = (
			);
			dependencies = (
			);
			name = "Location Tracker";
			productName = "Location Tracker";
			productReference = 9BFB1D4A1E8B38090081900C /* Location Tracker.app */;
			productType = "com.apple.product-type.application";
		};
/* End PBXNativeTarget section */

/* Begin PBXProject section */
		9BFB1D421E8B38090081900C /* Project object */ = {
			isa = PBXProject;
			attributes = {
				LastSwiftUpdateCheck = 0830;
				LastUpgradeCheck = 0830;
				ORGANIZATIONNAME = "James Brown";
				TargetAttributes = {
					9BFB1D491E8B38090081900C = {
						CreatedOnToolsVersion = 8.3;
						DevelopmentTeam = 5ZLSFF34EF;
						ProvisioningStyle = Automatic;
					};
				};
			};
			buildConfigurationList = 9BFB1D451E8B38090081900C /* Build configuration list for PBXProject "Location Tracker" */;
			compatibilityVersion = "Xcode 3.2";
			developmentRegion = English;
			hasScannedForEncodings = 0;
			knownRegions = (
				en,
				Base,
			);
			mainGroup = 9BFB1D411E8B38090081900C;
			productRefGroup = 9BFB1D4B1E8B38090081900C /* Products */;
			projectDirPath = "";
			projectRoot = "";
			targets = (
				9BFB1D491E8B38090081900C /* Location Tracker */,
			);
		};
/* End PBXProject section */

/* Begin PBXResourcesBuildPhase section */
		9BFB1D481E8B38090081900C /* Resources */ = {
			isa = PBXResourcesBuildPhase;
			buildActionMask = 2147483647;
			files = (
				9BFB1D5B1E8B38090081900C /* LaunchScreen.storyboard in Resources */,
				9BFB1D651E8C0FE40081900C /* Assets.xcassets in Resources */,
				9BFB1D531E8B38090081900C /* Main.storyboard in Resources */,
			);
			runOnlyForDeploymentPostprocessing = 0;
		};
/* End PBXResourcesBuildPhase section */

/* Begin PBXSourcesBuildPhase section */
		9BFB1D461E8B38090081900C /* Sources */ = {
			isa = PBXSourcesBuildPhase;
			buildActionMask = 2147483647;
			files = (
				9B1646CF1E8D723F0026B0B9 /* CustomTextField.swift in Sources */,
				9BFB1D671E8C13140081900C /* CustomButton.swift in Sources */,
				9B1646D11E8D78C30026B0B9 /* CustomTextView.swift in Sources */,
				9BFB1D631E8B3C1D0081900C /* MainVC.swift in Sources */,
				9BFB1D4E1E8B38090081900C /* AppDelegate.swift in Sources */,
				9BFB1D561E8B38090081900C /* Location_Tracker.xcdatamodeld in Sources */,
				9B1646CD1E8D6A430026B0B9 /* EditVC.swift in Sources */,
				9B1646D61E8D81A10026B0B9 /* MapVC.swift in Sources */,
				9B1646D81E8DA6FE0026B0B9 /* RecordExtension.swift in Sources */,
				9BFB1D6B1E8C9A370081900C /* RecordCell.swift in Sources */,
			);
			runOnlyForDeploymentPostprocessing = 0;
		};
/* End PBXSourcesBuildPhase section */

/* Begin PBXVariantGroup section */
		9BFB1D511E8B38090081900C /* Main.storyboard */ = {
			isa = PBXVariantGroup;
			children = (
				9BFB1D521E8B38090081900C /* Base */,
			);
			name = Main.storyboard;
			sourceTree = "<group>";
		};
		9BFB1D591E8B38090081900C /* LaunchScreen.storyboard */ = {
			isa = PBXVariantGroup;
			children = (
				9BFB1D5A1E8B38090081900C /* Base */,
			);
			name = LaunchScreen.storyboard;
			sourceTree = "<group>";
		};
/* End PBXVariantGroup section */

/* Begin XCBuildConfiguration section */
		9BFB1D5D1E8B38090081900C /* Debug */ = {
			isa = XCBuildConfiguration;
			buildSettings = {
				ALWAYS_SEARCH_USER_PATHS = NO;
				CLANG_ANALYZER_NONNULL = YES;
				CLANG_ANALYZER_NUMBER_OBJECT_CONVERSION = YES_AGGRESSIVE;
				CLANG_CXX_LANGUAGE_STANDARD = "gnu++0x";
				CLANG_CXX_LIBRARY = "libc++";
				CLANG_ENABLE_MODULES = YES;
				CLANG_ENABLE_OBJC_ARC = YES;
				CLANG_WARN_BOOL_CONVERSION = YES;
				CLANG_WARN_CONSTANT_CONVERSION = YES;
				CLANG_WARN_DIRECT_OBJC_ISA_USAGE = YES_ERROR;
				CLANG_WARN_DOCUMENTATION_COMMENTS = YES;
				CLANG_WARN_EMPTY_BODY = YES;
				CLANG_WARN_ENUM_CONVERSION = YES;
				CLANG_WARN_INFINITE_RECURSION = YES;
				CLANG_WARN_INT_CONVERSION = YES;
				CLANG_WARN_OBJC_ROOT_CLASS = YES_ERROR;
				CLANG_WARN_SUSPICIOUS_MOVE = YES;
				CLANG_WARN_UNREACHABLE_CODE = YES;
				CLANG_WARN__DUPLICATE_METHOD_MATCH = YES;
				"CODE_SIGN_IDENTITY[sdk=iphoneos*]" = "iPhone Developer";
				COPY_PHASE_STRIP = NO;
				DEBUG_INFORMATION_FORMAT = dwarf;
				ENABLE_STRICT_OBJC_MSGSEND = YES;
				ENABLE_TESTABILITY = YES;
				GCC_C_LANGUAGE_STANDARD = gnu99;
				GCC_DYNAMIC_NO_PIC = NO;
				GCC_NO_COMMON_BLOCKS = YES;
				GCC_OPTIMIZATION_LEVEL = 0;
				GCC_PREPROCESSOR_DEFINITIONS = (
					"DEBUG=1",
					"$(inherited)",
				);
				GCC_WARN_64_TO_32_BIT_CONVERSION = YES;
				GCC_WARN_ABOUT_RETURN_TYPE = YES_ERROR;
				GCC_WARN_UNDECLARED_SELECTOR = YES;
				GCC_WARN_UNINITIALIZED_AUTOS = YES_AGGRESSIVE;
				GCC_WARN_UNUSED_FUNCTION = YES;
				GCC_WARN_UNUSED_VARIABLE = YES;
				IPHONEOS_DEPLOYMENT_TARGET = 10.3;
				MTL_ENABLE_DEBUG_INFO = YES;
				ONLY_ACTIVE_ARCH = YES;
				SDKROOT = iphoneos;
				SWIFT_ACTIVE_COMPILATION_CONDITIONS = DEBUG;
				SWIFT_OPTIMIZATION_LEVEL = "-Onone";
				TARGETED_DEVICE_FAMILY = "1,2";
			};
			name = Debug;
		};
		9BFB1D5E1E8B38090081900C /* Release */ = {
			isa = XCBuildConfiguration;
			buildSettings = {
				ALWAYS_SEARCH_USER_PATHS = NO;
				CLANG_ANALYZER_NONNULL = YES;
				CLANG_ANALYZER_NUMBER_OBJECT_CONVERSION = YES_AGGRESSIVE;
				CLANG_CXX_LANGUAGE_STANDARD = "gnu++0x";
				CLANG_CXX_LIBRARY = "libc++";
				CLANG_ENABLE_MODULES = YES;
				CLANG_ENABLE_OBJC_ARC = YES;
				CLANG_WARN_BOOL_CONVERSION = YES;
				CLANG_WARN_CONSTANT_CONVERSION = YES;
				CLANG_WARN_DIRECT_OBJC_ISA_USAGE = YES_ERROR;
				CLANG_WARN_DOCUMENTATION_COMMENTS = YES;
				CLANG_WARN_EMPTY_BODY = YES;
				CLANG_WARN_ENUM_CONVERSION = YES;
				CLANG_WARN_INFINITE_RECURSION = YES;
				CLANG_WARN_INT_CONVERSION = YES;
				CLANG_WARN_OBJC_ROOT_CLASS = YES_ERROR;
				CLANG_WARN_SUSPICIOUS_MOVE = YES;
				CLANG_WARN_UNREACHABLE_CODE = YES;
				CLANG_WARN__DUPLICATE_METHOD_MATCH = YES;
				"CODE_SIGN_IDENTITY[sdk=iphoneos*]" = "iPhone Developer";
				COPY_PHASE_STRIP = NO;
				DEBUG_INFORMATION_FORMAT = "dwarf-with-dsym";
				ENABLE_NS_ASSERTIONS = NO;
				ENABLE_STRICT_OBJC_MSGSEND = YES;
				GCC_C_LANGUAGE_STANDARD = gnu99;
				GCC_NO_COMMON_BLOCKS = YES;
				GCC_WARN_64_TO_32_BIT_CONVERSION = YES;
				GCC_WARN_ABOUT_RETURN_TYPE = YES_ERROR;
				GCC_WARN_UNDECLARED_SELECTOR = YES;
				GCC_WARN_UNINITIALIZED_AUTOS = YES_AGGRESSIVE;
				GCC_WARN_UNUSED_FUNCTION = YES;
				GCC_WARN_UNUSED_VARIABLE = YES;
				IPHONEOS_DEPLOYMENT_TARGET = 10.3;
				MTL_ENABLE_DEBUG_INFO = NO;
				SDKROOT = iphoneos;
				SWIFT_OPTIMIZATION_LEVEL = "-Owholemodule";
				TARGETED_DEVICE_FAMILY = "1,2";
				VALIDATE_PRODUCT = YES;
			};
			name = Release;
		};
		9BFB1D601E8B38090081900C /* Debug */ = {
			isa = XCBuildConfiguration;
			buildSettings = {
				ASSETCATALOG_COMPILER_APPICON_NAME = AppIcon;
				DEVELOPMENT_TEAM = 5ZLSFF34EF;
				INFOPLIST_FILE = "Location Tracker/Info.plist";
				LD_RUNPATH_SEARCH_PATHS = "$(inherited) @executable_path/Frameworks";
				PRODUCT_BUNDLE_IDENTIFIER = "com.jamez-brown.locationtracker";
				PRODUCT_NAME = "$(TARGET_NAME)";
				SWIFT_VERSION = 3.0;
			};
			name = Debug;
		};
		9BFB1D611E8B38090081900C /* Release */ = {
			isa = XCBuildConfiguration;
			buildSettings = {
				ASSETCATALOG_COMPILER_APPICON_NAME = AppIcon;
				DEVELOPMENT_TEAM = 5ZLSFF34EF;
				INFOPLIST_FILE = "Location Tracker/Info.plist";
				LD_RUNPATH_SEARCH_PATHS = "$(inherited) @executable_path/Frameworks";
				PRODUCT_BUNDLE_IDENTIFIER = "com.jamez-brown.locationtracker";
				PRODUCT_NAME = "$(TARGET_NAME)";
				SWIFT_VERSION = 3.0;
			};
			name = Release;
		};
/* End XCBuildConfiguration section */

/* Begin XCConfigurationList section */
		9BFB1D451E8B38090081900C /* Build configuration list for PBXProject "Location Tracker" */ = {
			isa = XCConfigurationList;
			buildConfigurations = (
				9BFB1D5D1E8B38090081900C /* Debug */,
				9BFB1D5E1E8B38090081900C /* Release */,
			);
			defaultConfigurationIsVisible = 0;
			defaultConfigurationName = Release;
		};
		9BFB1D5F1E8B38090081900C /* Build configuration list for PBXNativeTarget "Location Tracker" */ = {
			isa = XCConfigurationList;
			buildConfigurations = (
				9BFB1D601E8B38090081900C /* Debug */,
				9BFB1D611E8B38090081900C /* Release */,
			);
			defaultConfigurationIsVisible = 0;
			defaultConfigurationName = Release;
		};
/* End XCConfigurationList section */

/* Begin XCVersionGroup section */
		9BFB1D541E8B38090081900C /* Location_Tracker.xcdatamodeld */ = {
			isa = XCVersionGroup;
			children = (
				9B2452FB1E93E5480009303C /* Location_Tracker v2.xcdatamodel */,
				9BFB1D551E8B38090081900C /* Location_Tracker.xcdatamodel */,
			);
			currentVersion = 9BFB1D551E8B38090081900C /* Location_Tracker.xcdatamodel */;
			path = Location_Tracker.xcdatamodeld;
			sourceTree = "<group>";
			versionGroupType = wrapper.xcdatamodel;
		};
/* End XCVersionGroup section */
	};
	rootObject = 9BFB1D421E8B38090081900C /* Project object */;
}
